
Microsoft Visual Studio Solution File, Format Version 12.00
# Visual Studio Version 17
VisualStudioVersion = 17.7.34031.279
MinimumVisualStudioVersion = 10.0.40219.1
Project("{9A19103F-16F7-4668-BE54-9A1E7A4F7556}") = "CRUD WINFORM APP", "CRUD WINFORM APP.csproj", "{78049881-D949-4072-A25B-9A8C6DEB525F}"
EndProject
Project("{54435603-DBB4-11D2-8724-00A0C9A8B90C}") = "CRUD_setup", "..\CRUD_setup\CRUD_setup.vdproj", "{41EEA986-2E36-4C99-B4E1-560BD90A8D51}"
EndProject
Global
	GlobalSection(SolutionConfigurationPlatforms) = preSolution
		Debug|Any CPU = Debug|Any CPU
		Release|Any CPU = Release|Any CPU
	EndGlobalSection
	GlobalSection(ProjectConfigurationPlatforms) = postSolution
		{78049881-D949-4072-A25B-9A8C6DEB525F}.Debug|Any CPU.ActiveCfg = Debug|Any CPU
		{78049881-D949-4072-A25B-9A8C6DEB525F}.Debug|Any CPU.Build.0 = Debug|Any CPU
		{78049881-D949-4072-A25B-9A8C6DEB525F}.Release|Any CPU.ActiveCfg = Release|Any CPU
		{78049881-D949-4072-A25B-9A8C6DEB525F}.Release|Any CPU.Build.0 = Release|Any CPU
		{41EEA986-2E36-4C99-B4E1-560BD90A8D51}.Debug|Any CPU.ActiveCfg = Debug
		{41EEA986-2E36-4C99-B4E1-560BD90A8D51}.Release|Any CPU.ActiveCfg = Release
	EndGlobalSection
	GlobalSection(SolutionProperties) = preSolution
		HideSolutionNode = FALSE
	EndGlobalSection
	GlobalSection(ExtensibilityGlobals) = postSolution
		SolutionGuid = {6B98BB66-378A-42EF-A13F-88899F7607D9}
	EndGlobalSection
EndGlobal
